
Microsoft Visual Studio Solution File, Format Version 12.00
# Visual Studio Version 17
VisualStudioVersion = 17.1.32328.378
MinimumVisualStudioVersion = 10.0.40219.1
Project("{8BC9CEB8-8B4A-11D0-8D11-00A0C91BC942}") = "WyjatkiZad1", "WyjatkiZad1\WyjatkiZad1.vcxproj", "{639144B4-080C-45BB-BDB6-972C93F85358}"
EndProject
Project("{8BC9CEB8-8B4A-11D0-8D11-00A0C91BC942}") = "WyjatkiZad2", "WyjatkiZad2\WyjatkiZad2.vcxproj", "{5B40C417-5B3F-4CE1-8F2E-7A935D7C4729}"
EndProject
Project("{8BC9CEB8-8B4A-11D0-8D11-00A0C91BC942}") = "TemplateBrudnopis", "TemplateBrudnopis\TemplateBrudnopis.vcxproj", "{246BADB3-9577-411A-947D-9E22445A3362}"
EndProject
Project("{8BC9CEB8-8B4A-11D0-8D11-00A0C91BC942}") = "SzablonyZad1", "SzablonyZad1\SzablonyZad1.vcxproj", "{CCF39724-629A-4CC0-96B6-1486A0D01E0C}"
EndProject
Project("{8BC9CEB8-8B4A-11D0-8D11-00A0C91BC942}") = "SzablonyZad4", "SzablonyZad4\SzablonyZad4.vcxproj", "{CF86CCCF-AA95-44AC-8636-94B67BC31D86}"
EndProject
Project("{8BC9CEB8-8B4A-11D0-8D11-00A0C91BC942}") = "SmartPointer", "SmartPointer\SmartPointer.vcxproj", "{5845877A-7115-47F4-940A-5839A023753C}"
EndProject
Project("{8BC9CEB8-8B4A-11D0-8D11-00A0C91BC942}") = "przyklad", "przyklad\przyklad.vcxproj", "{5E7FD3E1-B5D7-404C-A3B4-D3BCC3CD324B}"
EndProject
Project("{8BC9CEB8-8B4A-11D0-8D11-00A0C91BC942}") = "Chicken", "Chicken\Chicken.vcxproj", "{D1B1F905-8A86-4939-8E2A-96278FB54F11}"
EndProject
Project("{8BC9CEB8-8B4A-11D0-8D11-00A0C91BC942}") = "Product", "Product\Product.vcxproj", "{C6C4BEDF-48D5-4705-A84D-9CB50EB239A6}"
EndProject
Project("{8BC9CEB8-8B4A-11D0-8D11-00A0C91BC942}") = "Funktor", "Funktor\Funktor.vcxproj", "{E371EA2F-3E58-4216-A69E-3D50B8E528E5}"
EndProject
Project("{8BC9CEB8-8B4A-11D0-8D11-00A0C91BC942}") = "Zad1", "Zad1\Zad1.vcxproj", "{B6E2D1AE-AF04-4342-93BC-ED35C0F46F95}"
EndProject
Project("{8BC9CEB8-8B4A-11D0-8D11-00A0C91BC942}") = "Zad2", "Zad2\Zad2.vcxproj", "{50FFFA79-238B-4355-866E-A9C0097A899E}"
EndProject
Project("{8BC9CEB8-8B4A-11D0-8D11-00A0C91BC942}") = "Zad6", "Zad6\Zad6.vcxproj", "{60AB83A1-E9FC-4449-A920-F948F9C31038}"
EndProject
Project("{8BC9CEB8-8B4A-11D0-8D11-00A0C91BC942}") = "Zad5", "Zad5\Zad5.vcxproj", "{7E06F98F-CC0B-4AA5-86E7-0A4B000331CD}"
EndProject
Project("{8BC9CEB8-8B4A-11D0-8D11-00A0C91BC942}") = "Predykat", "Predykat\Predykat.vcxproj", "{A97BAAAB-2A28-4A21-B99B-FF8E303F4656}"
EndProject
Project("{8BC9CEB8-8B4A-11D0-8D11-00A0C91BC942}") = "Brudnopis", "Brudnopis\Brudnopis.vcxproj", "{CEDD43CE-A9A9-4339-8E5D-10745B891FAF}"
EndProject
Project("{8BC9CEB8-8B4A-11D0-8D11-00A0C91BC942}") = "Zad3", "Zad3\Zad3.vcxproj", "{EBDD79E3-27E4-4104-B1E9-BE40F9BD3275}"
EndProject
Project("{8BC9CEB8-8B4A-11D0-8D11-00A0C91BC942}") = "Zad4", "Zad4\Zad4.vcxproj", "{BA6ABFE0-357F-4C9D-AA16-00869B7D1DB9}"
EndProject
Project("{8BC9CEB8-8B4A-11D0-8D11-00A0C91BC942}") = "BrudnopisMapa", "BrudnopisMapa\BrudnopisMapa.vcxproj", "{94EE3E44-402D-4094-9CF6-B2183208B2FE}"
EndProject
Project("{8BC9CEB8-8B4A-11D0-8D11-00A0C91BC942}") = "ContanerZad3", "ContanerZad3\ContanerZad3.vcxproj", "{406934F2-C64C-4AEA-A923-80ECFE7659D6}"
EndProject
Project("{8BC9CEB8-8B4A-11D0-8D11-00A0C91BC942}") = "Zad01Lambda", "Zad01Lambda\Zad01Lambda.vcxproj", "{07CDF5CA-F642-4977-BB7B-0D411EE88E9B}"
EndProject
Project("{8BC9CEB8-8B4A-11D0-8D11-00A0C91BC942}") = "Zad02", "Zad02\Zad02.vcxproj", "{F9D938C2-FB55-49E2-87A2-0D054C390DEE}"
EndProject
Project("{8BC9CEB8-8B4A-11D0-8D11-00A0C91BC942}") = "Zad03", "Zad03\Zad03.vcxproj", "{07278839-0F6E-49CB-A023-0899210523D7}"
EndProject
Project("{8BC9CEB8-8B4A-11D0-8D11-00A0C91BC942}") = "CPPcw1", "CPPcw1\CPPcw1.vcxproj", "{4978BB41-C703-4BD0-8B5B-9AE32A52F5FD}"
EndProject
Project("{8BC9CEB8-8B4A-11D0-8D11-00A0C91BC942}") = "Brudnopis_new", "Brudnopis_new\Brudnopis_new.vcxproj", "{10664CE1-45C0-409D-A9CD-37AD46AB69DA}"
EndProject
Project("{8BC9CEB8-8B4A-11D0-8D11-00A0C91BC942}") = "Regex", "Regex\Regex.vcxproj", "{F52620A7-8E3C-41E3-8249-2F70C71DFAE0}"
EndProject
Project("{8BC9CEB8-8B4A-11D0-8D11-00A0C91BC942}") = "RegexEmail", "RegexEmail\RegexEmail.vcxproj", "{A698A94E-84D1-49A0-B9A8-E156B1775A16}"
EndProject
Project("{8BC9CEB8-8B4A-11D0-8D11-00A0C91BC942}") = "Time", "Time\Time.vcxproj", "{8EC96EE8-ABE5-44AF-8FA6-F969057E9A84}"
EndProject
Project("{8BC9CEB8-8B4A-11D0-8D11-00A0C91BC942}") = "Losowe", "Losowe\Losowe.vcxproj", "{712A46A3-633F-4D0C-84CA-728A04F757C7}"
EndProject
Project("{8BC9CEB8-8B4A-11D0-8D11-00A0C91BC942}") = "Pliki", "Pliki\Pliki.vcxproj", "{CBD236C4-DDDB-48B6-89B2-39008DD4635E}"
EndProject
Project("{8BC9CEB8-8B4A-11D0-8D11-00A0C91BC942}") = "File", "File\File.vcxproj", "{68E8E1EA-6833-4B8D-9E69-29317CCE3110}"
EndProject
Project("{8BC9CEB8-8B4A-11D0-8D11-00A0C91BC942}") = "FileNew", "FileNew\FileNew.vcxproj", "{9383FD7C-424B-4542-8E10-9E0AA21E83E9}"
EndProject
Project("{8BC9CEB8-8B4A-11D0-8D11-00A0C91BC942}") = "Zadanie1", "Zadanie1\Zadanie1.vcxproj", "{895F52F0-54B0-4112-9B7E-7BFA7A802C17}"
EndProject
Project("{8BC9CEB8-8B4A-11D0-8D11-00A0C91BC942}") = "Zadanie2", "Zadanie2\Zadanie2.vcxproj", "{DCFF1659-B03E-4BBF-B050-79B0C4D65B3E}"
EndProject
Project("{8BC9CEB8-8B4A-11D0-8D11-00A0C91BC942}") = "Zadanie3", "Zadanie3\Zadanie3.vcxproj", "{AB6F2742-94F2-44E2-BBE0-844DBBEE1B3D}"
EndProject
Global
	GlobalSection(SolutionConfigurationPlatforms) = preSolution
		Debug|x64 = Debug|x64
		Debug|x86 = Debug|x86
		Release|x64 = Release|x64
		Release|x86 = Release|x86
	EndGlobalSection
	GlobalSection(ProjectConfigurationPlatforms) = postSolution
		{639144B4-080C-45BB-BDB6-972C93F85358}.Debug|x64.ActiveCfg = Debug|x64
		{639144B4-080C-45BB-BDB6-972C93F85358}.Debug|x64.Build.0 = Debug|x64
		{639144B4-080C-45BB-BDB6-972C93F85358}.Debug|x86.ActiveCfg = Debug|Win32
		{639144B4-080C-45BB-BDB6-972C93F85358}.Debug|x86.Build.0 = Debug|Win32
		{639144B4-080C-45BB-BDB6-972C93F85358}.Release|x64.ActiveCfg = Release|x64
		{639144B4-080C-45BB-BDB6-972C93F85358}.Release|x64.Build.0 = Release|x64
		{639144B4-080C-45BB-BDB6-972C93F85358}.Release|x86.ActiveCfg = Release|Win32
		{639144B4-080C-45BB-BDB6-972C93F85358}.Release|x86.Build.0 = Release|Win32
		{5B40C417-5B3F-4CE1-8F2E-7A935D7C4729}.Debug|x64.ActiveCfg = Debug|x64
		{5B40C417-5B3F-4CE1-8F2E-7A935D7C4729}.Debug|x64.Build.0 = Debug|x64
		{5B40C417-5B3F-4CE1-8F2E-7A935D7C4729}.Debug|x86.ActiveCfg = Debug|Win32
		{5B40C417-5B3F-4CE1-8F2E-7A935D7C4729}.Debug|x86.Build.0 = Debug|Win32
		{5B40C417-5B3F-4CE1-8F2E-7A935D7C4729}.Release|x64.ActiveCfg = Release|x64
		{5B40C417-5B3F-4CE1-8F2E-7A935D7C4729}.Release|x64.Build.0 = Release|x64
		{5B40C417-5B3F-4CE1-8F2E-7A935D7C4729}.Release|x86.ActiveCfg = Release|Win32
		{5B40C417-5B3F-4CE1-8F2E-7A935D7C4729}.Release|x86.Build.0 = Release|Win32
		{246BADB3-9577-411A-947D-9E22445A3362}.Debug|x64.ActiveCfg = Debug|x64
		{246BADB3-9577-411A-947D-9E22445A3362}.Debug|x64.Build.0 = Debug|x64
		{246BADB3-9577-411A-947D-9E22445A3362}.Debug|x86.ActiveCfg = Debug|Win32
		{246BADB3-9577-411A-947D-9E22445A3362}.Debug|x86.Build.0 = Debug|Win32
		{246BADB3-9577-411A-947D-9E22445A3362}.Release|x64.ActiveCfg = Release|x64
		{246BADB3-9577-411A-947D-9E22445A3362}.Release|x64.Build.0 = Release|x64
		{246BADB3-9577-411A-947D-9E22445A3362}.Release|x86.ActiveCfg = Release|Win32
		{246BADB3-9577-411A-947D-9E22445A3362}.Release|x86.Build.0 = Release|Win32
		{CCF39724-629A-4CC0-96B6-1486A0D01E0C}.Debug|x64.ActiveCfg = Debug|x64
		{CCF39724-629A-4CC0-96B6-1486A0D01E0C}.Debug|x64.Build.0 = Debug|x64
		{CCF39724-629A-4CC0-96B6-1486A0D01E0C}.Debug|x86.ActiveCfg = Debug|Win32
		{CCF39724-629A-4CC0-96B6-1486A0D01E0C}.Debug|x86.Build.0 = Debug|Win32
		{CCF39724-629A-4CC0-96B6-1486A0D01E0C}.Release|x64.ActiveCfg = Release|x64
		{CCF39724-629A-4CC0-96B6-1486A0D01E0C}.Release|x64.Build.0 = Release|x64
		{CCF39724-629A-4CC0-96B6-1486A0D01E0C}.Release|x86.ActiveCfg = Release|Win32
		{CCF39724-629A-4CC0-96B6-1486A0D01E0C}.Release|x86.Build.0 = Release|Win32
		{CF86CCCF-AA95-44AC-8636-94B67BC31D86}.Debug|x64.ActiveCfg = Debug|x64
		{CF86CCCF-AA95-44AC-8636-94B67BC31D86}.Debug|x64.Build.0 = Debug|x64
		{CF86CCCF-AA95-44AC-8636-94B67BC31D86}.Debug|x86.ActiveCfg = Debug|Win32
		{CF86CCCF-AA95-44AC-8636-94B67BC31D86}.Debug|x86.Build.0 = Debug|Win32
		{CF86CCCF-AA95-44AC-8636-94B67BC31D86}.Release|x64.ActiveCfg = Release|x64
		{CF86CCCF-AA95-44AC-8636-94B67BC31D86}.Release|x64.Build.0 = Release|x64
		{CF86CCCF-AA95-44AC-8636-94B67BC31D86}.Release|x86.ActiveCfg = Release|Win32
		{CF86CCCF-AA95-44AC-8636-94B67BC31D86}.Release|x86.Build.0 = Release|Win32
		{5845877A-7115-47F4-940A-5839A023753C}.Debug|x64.ActiveCfg = Debug|x64
		{5845877A-7115-47F4-940A-5839A023753C}.Debug|x64.Build.0 = Debug|x64
		{5845877A-7115-47F4-940A-5839A023753C}.Debug|x86.ActiveCfg = Debug|Win32
		{5845877A-7115-47F4-940A-5839A023753C}.Debug|x86.Build.0 = Debug|Win32
		{5845877A-7115-47F4-940A-5839A023753C}.Release|x64.ActiveCfg = Release|x64
		{5845877A-7115-47F4-940A-5839A023753C}.Release|x64.Build.0 = Release|x64
		{5845877A-7115-47F4-940A-5839A023753C}.Release|x86.ActiveCfg = Release|Win32
		{5845877A-7115-47F4-940A-5839A023753C}.Release|x86.Build.0 = Release|Win32
		{5E7FD3E1-B5D7-404C-A3B4-D3BCC3CD324B}.Debug|x64.ActiveCfg = Debug|x64
		{5E7FD3E1-B5D7-404C-A3B4-D3BCC3CD324B}.Debug|x64.Build.0 = Debug|x64
		{5E7FD3E1-B5D7-404C-A3B4-D3BCC3CD324B}.Debug|x86.ActiveCfg = Debug|Win32
		{5E7FD3E1-B5D7-404C-A3B4-D3BCC3CD324B}.Debug|x86.Build.0 = Debug|Win32
		{5E7FD3E1-B5D7-404C-A3B4-D3BCC3CD324B}.Release|x64.ActiveCfg = Release|x64
		{5E7FD3E1-B5D7-404C-A3B4-D3BCC3CD324B}.Release|x64.Build.0 = Release|x64
		{5E7FD3E1-B5D7-404C-A3B4-D3BCC3CD324B}.Release|x86.ActiveCfg = Release|Win32
		{5E7FD3E1-B5D7-404C-A3B4-D3BCC3CD324B}.Release|x86.Build.0 = Release|Win32
		{D1B1F905-8A86-4939-8E2A-96278FB54F11}.Debug|x64.ActiveCfg = Debug|x64
		{D1B1F905-8A86-4939-8E2A-96278FB54F11}.Debug|x64.Build.0 = Debug|x64
		{D1B1F905-8A86-4939-8E2A-96278FB54F11}.Debug|x86.ActiveCfg = Debug|Win32
		{D1B1F905-8A86-4939-8E2A-96278FB54F11}.Debug|x86.Build.0 = Debug|Win32
		{D1B1F905-8A86-4939-8E2A-96278FB54F11}.Release|x64.ActiveCfg = Release|x64
		{D1B1F905-8A86-4939-8E2A-96278FB54F11}.Release|x64.Build.0 = Release|x64
		{D1B1F905-8A86-4939-8E2A-96278FB54F11}.Release|x86.ActiveCfg = Release|Win32
		{D1B1F905-8A86-4939-8E2A-96278FB54F11}.Release|x86.Build.0 = Release|Win32
		{C6C4BEDF-48D5-4705-A84D-9CB50EB239A6}.Debug|x64.ActiveCfg = Debug|x64
		{C6C4BEDF-48D5-4705-A84D-9CB50EB239A6}.Debug|x64.Build.0 = Debug|x64
		{C6C4BEDF-48D5-4705-A84D-9CB50EB239A6}.Debug|x86.ActiveCfg = Debug|Win32
		{C6C4BEDF-48D5-4705-A84D-9CB50EB239A6}.Debug|x86.Build.0 = Debug|Win32
		{C6C4BEDF-48D5-4705-A84D-9CB50EB239A6}.Release|x64.ActiveCfg = Release|x64
		{C6C4BEDF-48D5-4705-A84D-9CB50EB239A6}.Release|x64.Build.0 = Release|x64
		{C6C4BEDF-48D5-4705-A84D-9CB50EB239A6}.Release|x86.ActiveCfg = Release|Win32
		{C6C4BEDF-48D5-4705-A84D-9CB50EB239A6}.Release|x86.Build.0 = Release|Win32
		{E371EA2F-3E58-4216-A69E-3D50B8E528E5}.Debug|x64.ActiveCfg = Debug|x64
		{E371EA2F-3E58-4216-A69E-3D50B8E528E5}.Debug|x64.Build.0 = Debug|x64
		{E371EA2F-3E58-4216-A69E-3D50B8E528E5}.Debug|x86.ActiveCfg = Debug|Win32
		{E371EA2F-3E58-4216-A69E-3D50B8E528E5}.Debug|x86.Build.0 = Debug|Win32
		{E371EA2F-3E58-4216-A69E-3D50B8E528E5}.Release|x64.ActiveCfg = Release|x64
		{E371EA2F-3E58-4216-A69E-3D50B8E528E5}.Release|x64.Build.0 = Release|x64
		{E371EA2F-3E58-4216-A69E-3D50B8E528E5}.Release|x86.ActiveCfg = Release|Win32
		{E371EA2F-3E58-4216-A69E-3D50B8E528E5}.Release|x86.Build.0 = Release|Win32
		{B6E2D1AE-AF04-4342-93BC-ED35C0F46F95}.Debug|x64.ActiveCfg = Debug|x64
		{B6E2D1AE-AF04-4342-93BC-ED35C0F46F95}.Debug|x64.Build.0 = Debug|x64
		{B6E2D1AE-AF04-4342-93BC-ED35C0F46F95}.Debug|x86.ActiveCfg = Debug|Win32
		{B6E2D1AE-AF04-4342-93BC-ED35C0F46F95}.Debug|x86.Build.0 = Debug|Win32
		{B6E2D1AE-AF04-4342-93BC-ED35C0F46F95}.Release|x64.ActiveCfg = Release|x64
		{B6E2D1AE-AF04-4342-93BC-ED35C0F46F95}.Release|x64.Build.0 = Release|x64
		{B6E2D1AE-AF04-4342-93BC-ED35C0F46F95}.Release|x86.ActiveCfg = Release|Win32
		{B6E2D1AE-AF04-4342-93BC-ED35C0F46F95}.Release|x86.Build.0 = Release|Win32
		{50FFFA79-238B-4355-866E-A9C0097A899E}.Debug|x64.ActiveCfg = Debug|x64
		{50FFFA79-238B-4355-866E-A9C0097A899E}.Debug|x64.Build.0 = Debug|x64
		{50FFFA79-238B-4355-866E-A9C0097A899E}.Debug|x86.ActiveCfg = Debug|Win32
		{50FFFA79-238B-4355-866E-A9C0097A899E}.Debug|x86.Build.0 = Debug|Win32
		{50FFFA79-238B-4355-866E-A9C0097A899E}.Release|x64.ActiveCfg = Release|x64
		{50FFFA79-238B-4355-866E-A9C0097A899E}.Release|x64.Build.0 = Release|x64
		{50FFFA79-238B-4355-866E-A9C0097A899E}.Release|x86.ActiveCfg = Release|Win32
		{50FFFA79-238B-4355-866E-A9C0097A899E}.Release|x86.Build.0 = Release|Win32
		{60AB83A1-E9FC-4449-A920-F948F9C31038}.Debug|x64.ActiveCfg = Debug|x64
		{60AB83A1-E9FC-4449-A920-F948F9C31038}.Debug|x64.Build.0 = Debug|x64
		{60AB83A1-E9FC-4449-A920-F948F9C31038}.Debug|x86.ActiveCfg = Debug|Win32
		{60AB83A1-E9FC-4449-A920-F948F9C31038}.Debug|x86.Build.0 = Debug|Win32
		{60AB83A1-E9FC-4449-A920-F948F9C31038}.Release|x64.ActiveCfg = Release|x64
		{60AB83A1-E9FC-4449-A920-F948F9C31038}.Release|x64.Build.0 = Release|x64
		{60AB83A1-E9FC-4449-A920-F948F9C31038}.Release|x86.ActiveCfg = Release|Win32
		{60AB83A1-E9FC-4449-A920-F948F9C31038}.Release|x86.Build.0 = Release|Win32
		{7E06F98F-CC0B-4AA5-86E7-0A4B000331CD}.Debug|x64.ActiveCfg = Debug|x64
		{7E06F98F-CC0B-4AA5-86E7-0A4B000331CD}.Debug|x64.Build.0 = Debug|x64
		{7E06F98F-CC0B-4AA5-86E7-0A4B000331CD}.Debug|x86.ActiveCfg = Debug|Win32
		{7E06F98F-CC0B-4AA5-86E7-0A4B000331CD}.Debug|x86.Build.0 = Debug|Win32
		{7E06F98F-CC0B-4AA5-86E7-0A4B000331CD}.Release|x64.ActiveCfg = Release|x64
		{7E06F98F-CC0B-4AA5-86E7-0A4B000331CD}.Release|x64.Build.0 = Release|x64
		{7E06F98F-CC0B-4AA5-86E7-0A4B000331CD}.Release|x86.ActiveCfg = Release|Win32
		{7E06F98F-CC0B-4AA5-86E7-0A4B000331CD}.Release|x86.Build.0 = Release|Win32
		{A97BAAAB-2A28-4A21-B99B-FF8E303F4656}.Debug|x64.ActiveCfg = Debug|x64
		{A97BAAAB-2A28-4A21-B99B-FF8E303F4656}.Debug|x64.Build.0 = Debug|x64
		{A97BAAAB-2A28-4A21-B99B-FF8E303F4656}.Debug|x86.ActiveCfg = Debug|Win32
		{A97BAAAB-2A28-4A21-B99B-FF8E303F4656}.Debug|x86.Build.0 = Debug|Win32
		{A97BAAAB-2A28-4A21-B99B-FF8E303F4656}.Release|x64.ActiveCfg = Release|x64
		{A97BAAAB-2A28-4A21-B99B-FF8E303F4656}.Release|x64.Build.0 = Release|x64
		{A97BAAAB-2A28-4A21-B99B-FF8E303F4656}.Release|x86.ActiveCfg = Release|Win32
		{A97BAAAB-2A28-4A21-B99B-FF8E303F4656}.Release|x86.Build.0 = Release|Win32
		{CEDD43CE-A9A9-4339-8E5D-10745B891FAF}.Debug|x64.ActiveCfg = Debug|x64
		{CEDD43CE-A9A9-4339-8E5D-10745B891FAF}.Debug|x64.Build.0 = Debug|x64
		{CEDD43CE-A9A9-4339-8E5D-10745B891FAF}.Debug|x86.ActiveCfg = Debug|Win32
		{CEDD43CE-A9A9-4339-8E5D-10745B891FAF}.Debug|x86.Build.0 = Debug|Win32
		{CEDD43CE-A9A9-4339-8E5D-10745B891FAF}.Release|x64.ActiveCfg = Release|x64
		{CEDD43CE-A9A9-4339-8E5D-10745B891FAF}.Release|x64.Build.0 = Release|x64
		{CEDD43CE-A9A9-4339-8E5D-10745B891FAF}.Release|x86.ActiveCfg = Release|Win32
		{CEDD43CE-A9A9-4339-8E5D-10745B891FAF}.Release|x86.Build.0 = Release|Win32
		{EBDD79E3-27E4-4104-B1E9-BE40F9BD3275}.Debug|x64.ActiveCfg = Debug|x64
		{EBDD79E3-27E4-4104-B1E9-BE40F9BD3275}.Debug|x64.Build.0 = Debug|x64
		{EBDD79E3-27E4-4104-B1E9-BE40F9BD3275}.Debug|x86.ActiveCfg = Debug|Win32
		{EBDD79E3-27E4-4104-B1E9-BE40F9BD3275}.Debug|x86.Build.0 = Debug|Win32
		{EBDD79E3-27E4-4104-B1E9-BE40F9BD3275}.Release|x64.ActiveCfg = Release|x64
		{EBDD79E3-27E4-4104-B1E9-BE40F9BD3275}.Release|x64.Build.0 = Release|x64
		{EBDD79E3-27E4-4104-B1E9-BE40F9BD3275}.Release|x86.ActiveCfg = Release|Win32
		{EBDD79E3-27E4-4104-B1E9-BE40F9BD3275}.Release|x86.Build.0 = Release|Win32
		{BA6ABFE0-357F-4C9D-AA16-00869B7D1DB9}.Debug|x64.ActiveCfg = Debug|x64
		{BA6ABFE0-357F-4C9D-AA16-00869B7D1DB9}.Debug|x64.Build.0 = Debug|x64
		{BA6ABFE0-357F-4C9D-AA16-00869B7D1DB9}.Debug|x86.ActiveCfg = Debug|Win32
		{BA6ABFE0-357F-4C9D-AA16-00869B7D1DB9}.Debug|x86.Build.0 = Debug|Win32
		{BA6ABFE0-357F-4C9D-AA16-00869B7D1DB9}.Release|x64.ActiveCfg = Release|x64
		{BA6ABFE0-357F-4C9D-AA16-00869B7D1DB9}.Release|x64.Build.0 = Release|x64
		{BA6ABFE0-357F-4C9D-AA16-00869B7D1DB9}.Release|x86.ActiveCfg = Release|Win32
		{BA6ABFE0-357F-4C9D-AA16-00869B7D1DB9}.Release|x86.Build.0 = Release|Win32
		{94EE3E44-402D-4094-9CF6-B2183208B2FE}.Debug|x64.ActiveCfg = Debug|x64
		{94EE3E44-402D-4094-9CF6-B2183208B2FE}.Debug|x64.Build.0 = Debug|x64
		{94EE3E44-402D-4094-9CF6-B2183208B2FE}.Debug|x86.ActiveCfg = Debug|Win32
		{94EE3E44-402D-4094-9CF6-B2183208B2FE}.Debug|x86.Build.0 = Debug|Win32
		{94EE3E44-402D-4094-9CF6-B2183208B2FE}.Release|x64.ActiveCfg = Release|x64
		{94EE3E44-402D-4094-9CF6-B2183208B2FE}.Release|x64.Build.0 = Release|x64
		{94EE3E44-402D-4094-9CF6-B2183208B2FE}.Release|x86.ActiveCfg = Release|Win32
		{94EE3E44-402D-4094-9CF6-B2183208B2FE}.Release|x86.Build.0 = Release|Win32
		{406934F2-C64C-4AEA-A923-80ECFE7659D6}.Debug|x64.ActiveCfg = Debug|x64
		{406934F2-C64C-4AEA-A923-80ECFE7659D6}.Debug|x64.Build.0 = Debug|x64
		{406934F2-C64C-4AEA-A923-80ECFE7659D6}.Debug|x86.ActiveCfg = Debug|Win32
		{406934F2-C64C-4AEA-A923-80ECFE7659D6}.Debug|x86.Build.0 = Debug|Win32
		{406934F2-C64C-4AEA-A923-80ECFE7659D6}.Release|x64.ActiveCfg = Release|x64
		{406934F2-C64C-4AEA-A923-80ECFE7659D6}.Release|x64.Build.0 = Release|x64
		{406934F2-C64C-4AEA-A923-80ECFE7659D6}.Release|x86.ActiveCfg = Release|Win32
		{406934F2-C64C-4AEA-A923-80ECFE7659D6}.Release|x86.Build.0 = Release|Win32
		{07CDF5CA-F642-4977-BB7B-0D411EE88E9B}.Debug|x64.ActiveCfg = Debug|x64
		{07CDF5CA-F642-4977-BB7B-0D411EE88E9B}.Debug|x64.Build.0 = Debug|x64
		{07CDF5CA-F642-4977-BB7B-0D411EE88E9B}.Debug|x86.ActiveCfg = Debug|Win32
		{07CDF5CA-F642-4977-BB7B-0D411EE88E9B}.Debug|x86.Build.0 = Debug|Win32
		{07CDF5CA-F642-4977-BB7B-0D411EE88E9B}.Release|x64.ActiveCfg = Release|x64
		{07CDF5CA-F642-4977-BB7B-0D411EE88E9B}.Release|x64.Build.0 = Release|x64
		{07CDF5CA-F642-4977-BB7B-0D411EE88E9B}.Release|x86.ActiveCfg = Release|Win32
		{07CDF5CA-F642-4977-BB7B-0D411EE88E9B}.Release|x86.Build.0 = Release|Win32
		{F9D938C2-FB55-49E2-87A2-0D054C390DEE}.Debug|x64.ActiveCfg = Debug|x64
		{F9D938C2-FB55-49E2-87A2-0D054C390DEE}.Debug|x64.Build.0 = Debug|x64
		{F9D938C2-FB55-49E2-87A2-0D054C390DEE}.Debug|x86.ActiveCfg = Debug|Win32
		{F9D938C2-FB55-49E2-87A2-0D054C390DEE}.Debug|x86.Build.0 = Debug|Win32
		{F9D938C2-FB55-49E2-87A2-0D054C390DEE}.Release|x64.ActiveCfg = Release|x64
		{F9D938C2-FB55-49E2-87A2-0D054C390DEE}.Release|x64.Build.0 = Release|x64
		{F9D938C2-FB55-49E2-87A2-0D054C390DEE}.Release|x86.ActiveCfg = Release|Win32
		{F9D938C2-FB55-49E2-87A2-0D054C390DEE}.Release|x86.Build.0 = Release|Win32
		{07278839-0F6E-49CB-A023-0899210523D7}.Debug|x64.ActiveCfg = Debug|x64
		{07278839-0F6E-49CB-A023-0899210523D7}.Debug|x64.Build.0 = Debug|x64
		{07278839-0F6E-49CB-A023-0899210523D7}.Debug|x86.ActiveCfg = Debug|Win32
		{07278839-0F6E-49CB-A023-0899210523D7}.Debug|x86.Build.0 = Debug|Win32
		{07278839-0F6E-49CB-A023-0899210523D7}.Release|x64.ActiveCfg = Release|x64
		{07278839-0F6E-49CB-A023-0899210523D7}.Release|x64.Build.0 = Release|x64
		{07278839-0F6E-49CB-A023-0899210523D7}.Release|x86.ActiveCfg = Release|Win32
		{07278839-0F6E-49CB-A023-0899210523D7}.Release|x86.Build.0 = Release|Win32
		{4978BB41-C703-4BD0-8B5B-9AE32A52F5FD}.Debug|x64.ActiveCfg = Debug|x64
		{4978BB41-C703-4BD0-8B5B-9AE32A52F5FD}.Debug|x64.Build.0 = Debug|x64
		{4978BB41-C703-4BD0-8B5B-9AE32A52F5FD}.Debug|x86.ActiveCfg = Debug|Win32
		{4978BB41-C703-4BD0-8B5B-9AE32A52F5FD}.Debug|x86.Build.0 = Debug|Win32
		{4978BB41-C703-4BD0-8B5B-9AE32A52F5FD}.Release|x64.ActiveCfg = Release|x64
		{4978BB41-C703-4BD0-8B5B-9AE32A52F5FD}.Release|x64.Build.0 = Release|x64
		{4978BB41-C703-4BD0-8B5B-9AE32A52F5FD}.Release|x86.ActiveCfg = Release|Win32
		{4978BB41-C703-4BD0-8B5B-9AE32A52F5FD}.Release|x86.Build.0 = Release|Win32
		{10664CE1-45C0-409D-A9CD-37AD46AB69DA}.Debug|x64.ActiveCfg = Debug|x64
		{10664CE1-45C0-409D-A9CD-37AD46AB69DA}.Debug|x64.Build.0 = Debug|x64
		{10664CE1-45C0-409D-A9CD-37AD46AB69DA}.Debug|x86.ActiveCfg = Debug|Win32
		{10664CE1-45C0-409D-A9CD-37AD46AB69DA}.Debug|x86.Build.0 = Debug|Win32
		{10664CE1-45C0-409D-A9CD-37AD46AB69DA}.Release|x64.ActiveCfg = Release|x64
		{10664CE1-45C0-409D-A9CD-37AD46AB69DA}.Release|x64.Build.0 = Release|x64
		{10664CE1-45C0-409D-A9CD-37AD46AB69DA}.Release|x86.ActiveCfg = Release|Win32
		{10664CE1-45C0-409D-A9CD-37AD46AB69DA}.Release|x86.Build.0 = Release|Win32
		{F52620A7-8E3C-41E3-8249-2F70C71DFAE0}.Debug|x64.ActiveCfg = Debug|x64
		{F52620A7-8E3C-41E3-8249-2F70C71DFAE0}.Debug|x64.Build.0 = Debug|x64
		{F52620A7-8E3C-41E3-8249-2F70C71DFAE0}.Debug|x86.ActiveCfg = Debug|Win32
		{F52620A7-8E3C-41E3-8249-2F70C71DFAE0}.Debug|x86.Build.0 = Debug|Win32
		{F52620A7-8E3C-41E3-8249-2F70C71DFAE0}.Release|x64.ActiveCfg = Release|x64
		{F52620A7-8E3C-41E3-8249-2F70C71DFAE0}.Release|x64.Build.0 = Release|x64
		{F52620A7-8E3C-41E3-8249-2F70C71DFAE0}.Release|x86.ActiveCfg = Release|Win32
		{F52620A7-8E3C-41E3-8249-2F70C71DFAE0}.Release|x86.Build.0 = Release|Win32
		{A698A94E-84D1-49A0-B9A8-E156B1775A16}.Debug|x64.ActiveCfg = Debug|x64
		{A698A94E-84D1-49A0-B9A8-E156B1775A16}.Debug|x64.Build.0 = Debug|x64
		{A698A94E-84D1-49A0-B9A8-E156B1775A16}.Debug|x86.ActiveCfg = Debug|Win32
		{A698A94E-84D1-49A0-B9A8-E156B1775A16}.Debug|x86.Build.0 = Debug|Win32
		{A698A94E-84D1-49A0-B9A8-E156B1775A16}.Release|x64.ActiveCfg = Release|x64
		{A698A94E-84D1-49A0-B9A8-E156B1775A16}.Release|x64.Build.0 = Release|x64
		{A698A94E-84D1-49A0-B9A8-E156B1775A16}.Release|x86.ActiveCfg = Release|Win32
		{A698A94E-84D1-49A0-B9A8-E156B1775A16}.Release|x86.Build.0 = Release|Win32
		{8EC96EE8-ABE5-44AF-8FA6-F969057E9A84}.Debug|x64.ActiveCfg = Debug|x64
		{8EC96EE8-ABE5-44AF-8FA6-F969057E9A84}.Debug|x64.Build.0 = Debug|x64
		{8EC96EE8-ABE5-44AF-8FA6-F969057E9A84}.Debug|x86.ActiveCfg = Debug|Win32
		{8EC96EE8-ABE5-44AF-8FA6-F969057E9A84}.Debug|x86.Build.0 = Debug|Win32
		{8EC96EE8-ABE5-44AF-8FA6-F969057E9A84}.Release|x64.ActiveCfg = Release|x64
		{8EC96EE8-ABE5-44AF-8FA6-F969057E9A84}.Release|x64.Build.0 = Release|x64
		{8EC96EE8-ABE5-44AF-8FA6-F969057E9A84}.Release|x86.ActiveCfg = Release|Win32
		{8EC96EE8-ABE5-44AF-8FA6-F969057E9A84}.Release|x86.Build.0 = Release|Win32
		{712A46A3-633F-4D0C-84CA-728A04F757C7}.Debug|x64.ActiveCfg = Debug|x64
		{712A46A3-633F-4D0C-84CA-728A04F757C7}.Debug|x64.Build.0 = Debug|x64
		{712A46A3-633F-4D0C-84CA-728A04F757C7}.Debug|x86.ActiveCfg = Debug|Win32
		{712A46A3-633F-4D0C-84CA-728A04F757C7}.Debug|x86.Build.0 = Debug|Win32
		{712A46A3-633F-4D0C-84CA-728A04F757C7}.Release|x64.ActiveCfg = Release|x64
		{712A46A3-633F-4D0C-84CA-728A04F757C7}.Release|x64.Build.0 = Release|x64
		{712A46A3-633F-4D0C-84CA-728A04F757C7}.Release|x86.ActiveCfg = Release|Win32
		{712A46A3-633F-4D0C-84CA-728A04F757C7}.Release|x86.Build.0 = Release|Win32
		{CBD236C4-DDDB-48B6-89B2-39008DD4635E}.Debug|x64.ActiveCfg = Debug|x64
		{CBD236C4-DDDB-48B6-89B2-39008DD4635E}.Debug|x64.Build.0 = Debug|x64
		{CBD236C4-DDDB-48B6-89B2-39008DD4635E}.Debug|x86.ActiveCfg = Debug|Win32
		{CBD236C4-DDDB-48B6-89B2-39008DD4635E}.Debug|x86.Build.0 = Debug|Win32
		{CBD236C4-DDDB-48B6-89B2-39008DD4635E}.Release|x64.ActiveCfg = Release|x64
		{CBD236C4-DDDB-48B6-89B2-39008DD4635E}.Release|x64.Build.0 = Release|x64
		{CBD236C4-DDDB-48B6-89B2-39008DD4635E}.Release|x86.ActiveCfg = Release|Win32
		{CBD236C4-DDDB-48B6-89B2-39008DD4635E}.Release|x86.Build.0 = Release|Win32
		{68E8E1EA-6833-4B8D-9E69-29317CCE3110}.Debug|x64.ActiveCfg = Debug|x64
		{68E8E1EA-6833-4B8D-9E69-29317CCE3110}.Debug|x64.Build.0 = Debug|x64
		{68E8E1EA-6833-4B8D-9E69-29317CCE3110}.Debug|x86.ActiveCfg = Debug|Win32
		{68E8E1EA-6833-4B8D-9E69-29317CCE3110}.Debug|x86.Build.0 = Debug|Win32
		{68E8E1EA-6833-4B8D-9E69-29317CCE3110}.Release|x64.ActiveCfg = Release|x64
		{68E8E1EA-6833-4B8D-9E69-29317CCE3110}.Release|x64.Build.0 = Release|x64
		{68E8E1EA-6833-4B8D-9E69-29317CCE3110}.Release|x86.ActiveCfg = Release|Win32
		{68E8E1EA-6833-4B8D-9E69-29317CCE3110}.Release|x86.Build.0 = Release|Win32
		{9383FD7C-424B-4542-8E10-9E0AA21E83E9}.Debug|x64.ActiveCfg = Debug|x64
		{9383FD7C-424B-4542-8E10-9E0AA21E83E9}.Debug|x64.Build.0 = Debug|x64
		{9383FD7C-424B-4542-8E10-9E0AA21E83E9}.Debug|x86.ActiveCfg = Debug|Win32
		{9383FD7C-424B-4542-8E10-9E0AA21E83E9}.Debug|x86.Build.0 = Debug|Win32
		{9383FD7C-424B-4542-8E10-9E0AA21E83E9}.Release|x64.ActiveCfg = Release|x64
		{9383FD7C-424B-4542-8E10-9E0AA21E83E9}.Release|x64.Build.0 = Release|x64
		{9383FD7C-424B-4542-8E10-9E0AA21E83E9}.Release|x86.ActiveCfg = Release|Win32
		{9383FD7C-424B-4542-8E10-9E0AA21E83E9}.Release|x86.Build.0 = Release|Win32
		{895F52F0-54B0-4112-9B7E-7BFA7A802C17}.Debug|x64.ActiveCfg = Debug|x64
		{895F52F0-54B0-4112-9B7E-7BFA7A802C17}.Debug|x64.Build.0 = Debug|x64
		{895F52F0-54B0-4112-9B7E-7BFA7A802C17}.Debug|x86.ActiveCfg = Debug|Win32
		{895F52F0-54B0-4112-9B7E-7BFA7A802C17}.Debug|x86.Build.0 = Debug|Win32
		{895F52F0-54B0-4112-9B7E-7BFA7A802C17}.Release|x64.ActiveCfg = Release|x64
		{895F52F0-54B0-4112-9B7E-7BFA7A802C17}.Release|x64.Build.0 = Release|x64
		{895F52F0-54B0-4112-9B7E-7BFA7A802C17}.Release|x86.ActiveCfg = Release|Win32
		{895F52F0-54B0-4112-9B7E-7BFA7A802C17}.Release|x86.Build.0 = Release|Win32
		{DCFF1659-B03E-4BBF-B050-79B0C4D65B3E}.Debug|x64.ActiveCfg = Debug|x64
		{DCFF1659-B03E-4BBF-B050-79B0C4D65B3E}.Debug|x64.Build.0 = Debug|x64
		{DCFF1659-B03E-4BBF-B050-79B0C4D65B3E}.Debug|x86.ActiveCfg = Debug|Win32
		{DCFF1659-B03E-4BBF-B050-79B0C4D65B3E}.Debug|x86.Build.0 = Debug|Win32
		{DCFF1659-B03E-4BBF-B050-79B0C4D65B3E}.Release|x64.ActiveCfg = Release|x64
		{DCFF1659-B03E-4BBF-B050-79B0C4D65B3E}.Release|x64.Build.0 = Release|x64
		{DCFF1659-B03E-4BBF-B050-79B0C4D65B3E}.Release|x86.ActiveCfg = Release|Win32
		{DCFF1659-B03E-4BBF-B050-79B0C4D65B3E}.Release|x86.Build.0 = Release|Win32
		{AB6F2742-94F2-44E2-BBE0-844DBBEE1B3D}.Debug|x64.ActiveCfg = Debug|x64
		{AB6F2742-94F2-44E2-BBE0-844DBBEE1B3D}.Debug|x64.Build.0 = Debug|x64
		{AB6F2742-94F2-44E2-BBE0-844DBBEE1B3D}.Debug|x86.ActiveCfg = Debug|Win32
		{AB6F2742-94F2-44E2-BBE0-844DBBEE1B3D}.Debug|x86.Build.0 = Debug|Win32
		{AB6F2742-94F2-44E2-BBE0-844DBBEE1B3D}.Release|x64.ActiveCfg = Release|x64
		{AB6F2742-94F2-44E2-BBE0-844DBBEE1B3D}.Release|x64.Build.0 = Release|x64
		{AB6F2742-94F2-44E2-BBE0-844DBBEE1B3D}.Release|x86.ActiveCfg = Release|Win32
		{AB6F2742-94F2-44E2-BBE0-844DBBEE1B3D}.Release|x86.Build.0 = Release|Win32
	EndGlobalSection
	GlobalSection(SolutionProperties) = preSolution
		HideSolutionNode = FALSE
	EndGlobalSection
	GlobalSection(ExtensibilityGlobals) = postSolution
		SolutionGuid = {DAFA0D45-D41D-4C66-8C7E-346FAF13AC2E}
	EndGlobalSection
EndGlobal
